// !$*UTF8*$!
{
	archiveVersion = 1;
	classes = {
	};
	objectVersion = 46;
	objects = {

/* Begin PBXBuildFile section */
		54A749031EF1447C0076FE2B /* main.m in Sources */ = {isa = PBXBuildFile; fileRef = 54A749021EF1447C0076FE2B /* main.m */; };
		54A749061EF1447C0076FE2B /* AppDelegate.m in Sources */ = {isa = PBXBuildFile; fileRef = 54A749051EF1447C0076FE2B /* AppDelegate.m */; };
		54A7490C1EF1447C0076FE2B /* Main.storyboard in Resources */ = {isa = PBXBuildFile; fileRef = 54A7490A1EF1447C0076FE2B /* Main.storyboard */; };
		54A7490E1EF1447C0076FE2B /* Assets.xcassets in Resources */ = {isa = PBXBuildFile; fileRef = 54A7490D1EF1447C0076FE2B /* Assets.xcassets */; };
		54A749111EF1447C0076FE2B /* LaunchScreen.storyboard in Resources */ = {isa = PBXBuildFile; fileRef = 54A7490F1EF1447C0076FE2B /* LaunchScreen.storyboard */; };
		54A7491F1EF1469C0076FE2B /* ViewController.m in Sources */ = {isa = PBXBuildFile; fileRef = 54A7491B1EF1469C0076FE2B /* ViewController.m */; };
		54A749231EF252200076FE2B /* EventViewController.m in Sources */ = {isa = PBXBuildFile; fileRef = 54A749221EF252200076FE2B /* EventViewController.m */; };
		54A749261EF2561F0076FE2B /* DataManager.m in Sources */ = {isa = PBXBuildFile; fileRef = 54A749251EF2561F0076FE2B /* DataManager.m */; };
		54A749291EF258C40076FE2B /* jsonresponse.txt in Resources */ = {isa = PBXBuildFile; fileRef = 54A749281EF258C40076FE2B /* jsonresponse.txt */; };
		54A7492C1EF25B7C0076FE2B /* Event.m in Sources */ = {isa = PBXBuildFile; fileRef = 54A7492B1EF25B7C0076FE2B /* Event.m */; };
		54A7492F1EF2746F0076FE2B /* EventTableViewCell.m in Sources */ = {isa = PBXBuildFile; fileRef = 54A7492E1EF2746F0076FE2B /* EventTableViewCell.m */; };
		54A749341EF3B36F0076FE2B /* TabBarController.m in Sources */ = {isa = PBXBuildFile; fileRef = 54A749331EF3B36F0076FE2B /* TabBarController.m */; };
		54A749371EF3BDD30076FE2B /* Utility.m in Sources */ = {isa = PBXBuildFile; fileRef = 54A749361EF3BDD30076FE2B /* Utility.m */; };
/* End PBXBuildFile section */

/* Begin PBXFileReference section */
		54A748FE1EF1447C0076FE2B /* Giftery.app */ = {isa = PBXFileReference; explicitFileType = wrapper.application; includeInIndex = 0; path = Giftery.app; sourceTree = BUILT_PRODUCTS_DIR; };
		54A749021EF1447C0076FE2B /* main.m */ = {isa = PBXFileReference; lastKnownFileType = sourcecode.c.objc; path = main.m; sourceTree = "<group>"; };
		54A749041EF1447C0076FE2B /* AppDelegate.h */ = {isa = PBXFileReference; lastKnownFileType = sourcecode.c.h; path = AppDelegate.h; sourceTree = "<group>"; };
		54A749051EF1447C0076FE2B /* AppDelegate.m */ = {isa = PBXFileReference; lastKnownFileType = sourcecode.c.objc; path = AppDelegate.m; sourceTree = "<group>"; };
		54A7490B1EF1447C0076FE2B /* Base */ = {isa = PBXFileReference; lastKnownFileType = file.storyboard; name = Base; path = Base.lproj/Main.storyboard; sourceTree = "<group>"; };
		54A7490D1EF1447C0076FE2B /* Assets.xcassets */ = {isa = PBXFileReference; lastKnownFileType = folder.assetcatalog; path = Assets.xcassets; sourceTree = "<group>"; };
		54A749101EF1447C0076FE2B /* Base */ = {isa = PBXFileReference; lastKnownFileType = file.storyboard; name = Base; path = Base.lproj/LaunchScreen.storyboard; sourceTree = "<group>"; };
		54A749121EF1447C0076FE2B /* Info.plist */ = {isa = PBXFileReference; lastKnownFileType = text.plist.xml; path = Info.plist; sourceTree = "<group>"; };
		54A7491A1EF1469C0076FE2B /* ViewController.h */ = {isa = PBXFileReference; fileEncoding = 4; lastKnownFileType = sourcecode.c.h; path = ViewController.h; sourceTree = "<group>"; };
		54A7491B1EF1469C0076FE2B /* ViewController.m */ = {isa = PBXFileReference; fileEncoding = 4; lastKnownFileType = sourcecode.c.objc; path = ViewController.m; sourceTree = "<group>"; };
		54A749201EF147570076FE2B /* Constants.h */ = {isa = PBXFileReference; fileEncoding = 4; lastKnownFileType = sourcecode.c.h; path = Constants.h; sourceTree = "<group>"; };
		54A749211EF252200076FE2B /* EventViewController.h */ = {isa = PBXFileReference; fileEncoding = 4; lastKnownFileType = sourcecode.c.h; path = EventViewController.h; sourceTree = "<group>"; };
		54A749221EF252200076FE2B /* EventViewController.m */ = {isa = PBXFileReference; fileEncoding = 4; lastKnownFileType = sourcecode.c.objc; path = EventViewController.m; sourceTree = "<group>"; };
		54A749241EF2561F0076FE2B /* DataManager.h */ = {isa = PBXFileReference; fileEncoding = 4; lastKnownFileType = sourcecode.c.h; path = DataManager.h; sourceTree = "<group>"; };
		54A749251EF2561F0076FE2B /* DataManager.m */ = {isa = PBXFileReference; fileEncoding = 4; lastKnownFileType = sourcecode.c.objc; path = DataManager.m; sourceTree = "<group>"; };
		54A749281EF258C40076FE2B /* jsonresponse.txt */ = {isa = PBXFileReference; fileEncoding = 4; lastKnownFileType = text; path = jsonresponse.txt; sourceTree = "<group>"; };
		54A7492A1EF25B7C0076FE2B /* Event.h */ = {isa = PBXFileReference; fileEncoding = 4; lastKnownFileType = sourcecode.c.h; path = Event.h; sourceTree = "<group>"; };
		54A7492B1EF25B7C0076FE2B /* Event.m */ = {isa = PBXFileReference; fileEncoding = 4; lastKnownFileType = sourcecode.c.objc; path = Event.m; sourceTree = "<group>"; };
		54A7492D1EF2746F0076FE2B /* EventTableViewCell.h */ = {isa = PBXFileReference; fileEncoding = 4; lastKnownFileType = sourcecode.c.h; path = EventTableViewCell.h; sourceTree = "<group>"; };
		54A7492E1EF2746F0076FE2B /* EventTableViewCell.m */ = {isa = PBXFileReference; fileEncoding = 4; lastKnownFileType = sourcecode.c.objc; path = EventTableViewCell.m; sourceTree = "<group>"; };
		54A749321EF3B36F0076FE2B /* TabBarController.h */ = {isa = PBXFileReference; fileEncoding = 4; lastKnownFileType = sourcecode.c.h; path = TabBarController.h; sourceTree = "<group>"; };
		54A749331EF3B36F0076FE2B /* TabBarController.m */ = {isa = PBXFileReference; fileEncoding = 4; lastKnownFileType = sourcecode.c.objc; path = TabBarController.m; sourceTree = "<group>"; };
		54A749351EF3BDD30076FE2B /* Utility.h */ = {isa = PBXFileReference; fileEncoding = 4; lastKnownFileType = sourcecode.c.h; path = Utility.h; sourceTree = "<group>"; };
		54A749361EF3BDD30076FE2B /* Utility.m */ = {isa = PBXFileReference; fileEncoding = 4; lastKnownFileType = sourcecode.c.objc; path = Utility.m; sourceTree = "<group>"; };
/* End PBXFileReference section */

/* Begin PBXFrameworksBuildPhase section */
		54A748FB1EF1447C0076FE2B /* Frameworks */ = {
			isa = PBXFrameworksBuildPhase;
			buildActionMask = 2147483647;
			files = (
			);
			runOnlyForDeploymentPostprocessing = 0;
		};
/* End PBXFrameworksBuildPhase section */

/* Begin PBXGroup section */
		54A748F51EF1447C0076FE2B = {
			isa = PBXGroup;
			children = (
				54A749001EF1447C0076FE2B /* Giftery */,
				54A748FF1EF1447C0076FE2B /* Products */,
			);
			sourceTree = "<group>";
		};
		54A748FF1EF1447C0076FE2B /* Products */ = {
			isa = PBXGroup;
			children = (
				54A748FE1EF1447C0076FE2B /* Giftery.app */,
			);
			name = Products;
			sourceTree = "<group>";
		};
		54A749001EF1447C0076FE2B /* Giftery */ = {
			isa = PBXGroup;
			children = (
				54A749181EF1469C0076FE2B /* Com */,
				54A749041EF1447C0076FE2B /* AppDelegate.h */,
				54A749051EF1447C0076FE2B /* AppDelegate.m */,
				54A7490A1EF1447C0076FE2B /* Main.storyboard */,
				54A7490D1EF1447C0076FE2B /* Assets.xcassets */,
				54A7490F1EF1447C0076FE2B /* LaunchScreen.storyboard */,
				54A749121EF1447C0076FE2B /* Info.plist */,
				54A749011EF1447C0076FE2B /* Supporting Files */,
			);
			path = Giftery;
			sourceTree = "<group>";
		};
		54A749011EF1447C0076FE2B /* Supporting Files */ = {
			isa = PBXGroup;
			children = (
				54A749021EF1447C0076FE2B /* main.m */,
			);
			name = "Supporting Files";
			sourceTree = "<group>";
		};
		54A749181EF1469C0076FE2B /* Com */ = {
			isa = PBXGroup;
			children = (
				54A749191EF1469C0076FE2B /* Controllers */,
				54A7491C1EF1469C0076FE2B /* Model */,
				54A7491E1EF1469C0076FE2B /* View */,
				54A7491D1EF1469C0076FE2B /* Utilities */,
				54A749271EF258C40076FE2B /* Resources */,
			);
			path = Com;
			sourceTree = "<group>";
		};
		54A749191EF1469C0076FE2B /* Controllers */ = {
			isa = PBXGroup;
			children = (
				54A7491A1EF1469C0076FE2B /* ViewController.h */,
				54A7491B1EF1469C0076FE2B /* ViewController.m */,
				54A749211EF252200076FE2B /* EventViewController.h */,
				54A749221EF252200076FE2B /* EventViewController.m */,
				54A749321EF3B36F0076FE2B /* TabBarController.h */,
				54A749331EF3B36F0076FE2B /* TabBarController.m */,
			);
			path = Controllers;
			sourceTree = "<group>";
		};
		54A7491C1EF1469C0076FE2B /* Model */ = {
			isa = PBXGroup;
			children = (
				54A749241EF2561F0076FE2B /* DataManager.h */,
				54A749251EF2561F0076FE2B /* DataManager.m */,
				54A7492A1EF25B7C0076FE2B /* Event.h */,
				54A7492B1EF25B7C0076FE2B /* Event.m */,
			);
			path = Model;
			sourceTree = "<group>";
		};
		54A7491D1EF1469C0076FE2B /* Utilities */ = {
			isa = PBXGroup;
			children = (
				54A749201EF147570076FE2B /* Constants.h */,
				54A749351EF3BDD30076FE2B /* Utility.h */,
				54A749361EF3BDD30076FE2B /* Utility.m */,
			);
			path = Utilities;
			sourceTree = "<group>";
		};
		54A7491E1EF1469C0076FE2B /* View */ = {
			isa = PBXGroup;
			children = (
				54A7492D1EF2746F0076FE2B /* EventTableViewCell.h */,
				54A7492E1EF2746F0076FE2B /* EventTableViewCell.m */,
			);
			path = View;
			sourceTree = "<group>";
		};
		54A749271EF258C40076FE2B /* Resources */ = {
			isa = PBXGroup;
			children = (
				54A749281EF258C40076FE2B /* jsonresponse.txt */,
			);
			path = Resources;
			sourceTree = "<group>";
		};
/* End PBXGroup section */

/* Begin PBXNativeTarget section */
		54A748FD1EF1447C0076FE2B /* Giftery */ = {
			isa = PBXNativeTarget;
			buildConfigurationList = 54A749151EF1447C0076FE2B /* Build configuration list for PBXNativeTarget "Giftery" */;
			buildPhases = (
				54A748FA1EF1447C0076FE2B /* Sources */,
				54A748FB1EF1447C0076FE2B /* Frameworks */,
				54A748FC1EF1447C0076FE2B /* Resources */,
			);
			buildRules = (
			);
			dependencies = (
			);
			name = Giftery;
			productName = Giftery;
			productReference = 54A748FE1EF1447C0076FE2B /* Giftery.app */;
			productType = "com.apple.product-type.application";
		};
/* End PBXNativeTarget section */

/* Begin PBXProject section */
		54A748F61EF1447C0076FE2B /* Project object */ = {
			isa = PBXProject;
			attributes = {
				LastUpgradeCheck = 0830;
				ORGANIZATIONNAME = Mobeltech;
				TargetAttributes = {
					54A748FD1EF1447C0076FE2B = {
						CreatedOnToolsVersion = 8.3;
						ProvisioningStyle = Manual;
					};
				};
			};
			buildConfigurationList = 54A748F91EF1447C0076FE2B /* Build configuration list for PBXProject "Giftery" */;
			compatibilityVersion = "Xcode 3.2";
			developmentRegion = English;
			hasScannedForEncodings = 0;
			knownRegions = (
				en,
				Base,
			);
			mainGroup = 54A748F51EF1447C0076FE2B;
			productRefGroup = 54A748FF1EF1447C0076FE2B /* Products */;
			projectDirPath = "";
			projectRoot = "";
			targets = (
				54A748FD1EF1447C0076FE2B /* Giftery */,
			);
		};
/* End PBXProject section */

/* Begin PBXResourcesBuildPhase section */
		54A748FC1EF1447C0076FE2B /* Resources */ = {
			isa = PBXResourcesBuildPhase;
			buildActionMask = 2147483647;
			files = (
				54A749111EF1447C0076FE2B /* LaunchScreen.storyboard in Resources */,
				54A7490E1EF1447C0076FE2B /* Assets.xcassets in Resources */,
				54A7490C1EF1447C0076FE2B /* Main.storyboard in Resources */,
				54A749291EF258C40076FE2B /* jsonresponse.txt in Resources */,
			);
			runOnlyForDeploymentPostprocessing = 0;
		};
/* End PBXResourcesBuildPhase section */

/* Begin PBXSourcesBuildPhase section */
		54A748FA1EF1447C0076FE2B /* Sources */ = {
			isa = PBXSourcesBuildPhase;
			buildActionMask = 2147483647;
			files = (
				54A7492C1EF25B7C0076FE2B /* Event.m in Sources */,
				54A7491F1EF1469C0076FE2B /* ViewController.m in Sources */,
				54A749261EF2561F0076FE2B /* DataManager.m in Sources */,
				54A749231EF252200076FE2B /* EventViewController.m in Sources */,
				54A749371EF3BDD30076FE2B /* Utility.m in Sources */,
				54A749061EF1447C0076FE2B /* AppDelegate.m in Sources */,
				54A749341EF3B36F0076FE2B /* TabBarController.m in Sources */,
				54A749031EF1447C0076FE2B /* main.m in Sources */,
				54A7492F1EF2746F0076FE2B /* EventTableViewCell.m in Sources */,
			);
			runOnlyForDeploymentPostprocessing = 0;
		};
/* End PBXSourcesBuildPhase section */

/* Begin PBXVariantGroup section */
		54A7490A1EF1447C0076FE2B /* Main.storyboard */ = {
			isa = PBXVariantGroup;
			children = (
				54A7490B1EF1447C0076FE2B /* Base */,
			);
			name = Main.storyboard;
			sourceTree = "<group>";
		};
		54A7490F1EF1447C0076FE2B /* LaunchScreen.storyboard */ = {
			isa = PBXVariantGroup;
			children = (
				54A749101EF1447C0076FE2B /* Base */,
			);
			name = LaunchScreen.storyboard;
			sourceTree = "<group>";
		};
/* End PBXVariantGroup section */

/* Begin XCBuildConfiguration section */
		54A749131EF1447C0076FE2B /* Debug */ = {
			isa = XCBuildConfiguration;
			buildSettings = {
				ALWAYS_SEARCH_USER_PATHS = NO;
				CLANG_ANALYZER_NONNULL = YES;
				CLANG_ANALYZER_NUMBER_OBJECT_CONVERSION = YES_AGGRESSIVE;
				CLANG_CXX_LANGUAGE_STANDARD = "gnu++0x";
				CLANG_CXX_LIBRARY = "libc++";
				CLANG_ENABLE_MODULES = YES;
				CLANG_ENABLE_OBJC_ARC = YES;
				CLANG_WARN_BOOL_CONVERSION = YES;
				CLANG_WARN_CONSTANT_CONVERSION = YES;
				CLANG_WARN_DIRECT_OBJC_ISA_USAGE = YES_ERROR;
				CLANG_WARN_DOCUMENTATION_COMMENTS = YES;
				CLANG_WARN_EMPTY_BODY = YES;
				CLANG_WARN_ENUM_CONVERSION = YES;
				CLANG_WARN_INFINITE_RECURSION = YES;
				CLANG_WARN_INT_CONVERSION = YES;
				CLANG_WARN_OBJC_ROOT_CLASS = YES_ERROR;
				CLANG_WARN_SUSPICIOUS_MOVE = YES;
				CLANG_WARN_UNREACHABLE_CODE = YES;
				CLANG_WARN__DUPLICATE_METHOD_MATCH = YES;
				"CODE_SIGN_IDENTITY[sdk=iphoneos*]" = "iPhone Developer";
				COPY_PHASE_STRIP = NO;
				DEBUG_INFORMATION_FORMAT = dwarf;
				ENABLE_STRICT_OBJC_MSGSEND = YES;
				ENABLE_TESTABILITY = YES;
				GCC_C_LANGUAGE_STANDARD = gnu99;
				GCC_DYNAMIC_NO_PIC = NO;
				GCC_NO_COMMON_BLOCKS = YES;
				GCC_OPTIMIZATION_LEVEL = 0;
				GCC_PREPROCESSOR_DEFINITIONS = (
					"DEBUG=1",
					"$(inherited)",
				);
				GCC_WARN_64_TO_32_BIT_CONVERSION = YES;
				GCC_WARN_ABOUT_RETURN_TYPE = YES_ERROR;
				GCC_WARN_UNDECLARED_SELECTOR = YES;
				GCC_WARN_UNINITIALIZED_AUTOS = YES_AGGRESSIVE;
				GCC_WARN_UNUSED_FUNCTION = YES;
				GCC_WARN_UNUSED_VARIABLE = YES;
				IPHONEOS_DEPLOYMENT_TARGET = 10.3;
				MTL_ENABLE_DEBUG_INFO = YES;
				ONLY_ACTIVE_ARCH = YES;
				SDKROOT = iphoneos;
			};
			name = Debug;
		};
		54A749141EF1447C0076FE2B /* Release */ = {
			isa = XCBuildConfiguration;
			buildSettings = {
				ALWAYS_SEARCH_USER_PATHS = NO;
				CLANG_ANALYZER_NONNULL = YES;
				CLANG_ANALYZER_NUMBER_OBJECT_CONVERSION = YES_AGGRESSIVE;
				CLANG_CXX_LANGUAGE_STANDARD = "gnu++0x";
				CLANG_CXX_LIBRARY = "libc++";
				CLANG_ENABLE_MODULES = YES;
				CLANG_ENABLE_OBJC_ARC = YES;
				CLANG_WARN_BOOL_CONVERSION = YES;
				CLANG_WARN_CONSTANT_CONVERSION = YES;
				CLANG_WARN_DIRECT_OBJC_ISA_USAGE = YES_ERROR;
				CLANG_WARN_DOCUMENTATION_COMMENTS = YES;
				CLANG_WARN_EMPTY_BODY = YES;
				CLANG_WARN_ENUM_CONVERSION = YES;
				CLANG_WARN_INFINITE_RECURSION = YES;
				CLANG_WARN_INT_CONVERSION = YES;
				CLANG_WARN_OBJC_ROOT_CLASS = YES_ERROR;
				CLANG_WARN_SUSPICIOUS_MOVE = YES;
				CLANG_WARN_UNREACHABLE_CODE = YES;
				CLANG_WARN__DUPLICATE_METHOD_MATCH = YES;
				"CODE_SIGN_IDENTITY[sdk=iphoneos*]" = "iPhone Developer";
				COPY_PHASE_STRIP = NO;
				DEBUG_INFORMATION_FORMAT = "dwarf-with-dsym";
				ENABLE_NS_ASSERTIONS = NO;
				ENABLE_STRICT_OBJC_MSGSEND = YES;
				GCC_C_LANGUAGE_STANDARD = gnu99;
				GCC_NO_COMMON_BLOCKS = YES;
				GCC_WARN_64_TO_32_BIT_CONVERSION = YES;
				GCC_WARN_ABOUT_RETURN_TYPE = YES_ERROR;
				GCC_WARN_UNDECLARED_SELECTOR = YES;
				GCC_WARN_UNINITIALIZED_AUTOS = YES_AGGRESSIVE;
				GCC_WARN_UNUSED_FUNCTION = YES;
				GCC_WARN_UNUSED_VARIABLE = YES;
				IPHONEOS_DEPLOYMENT_TARGET = 10.3;
				MTL_ENABLE_DEBUG_INFO = NO;
				SDKROOT = iphoneos;
				VALIDATE_PRODUCT = YES;
			};
			name = Release;
		};
		54A749161EF1447C0076FE2B /* Debug */ = {
			isa = XCBuildConfiguration;
			buildSettings = {
				ASSETCATALOG_COMPILER_APPICON_NAME = AppIcon;
				DEVELOPMENT_TEAM = "";
				INFOPLIST_FILE = Giftery/Info.plist;
				LD_RUNPATH_SEARCH_PATHS = "$(inherited) @executable_path/Frameworks";
				PRODUCT_BUNDLE_IDENTIFIER = com.mobeltech.Giftery;
				PRODUCT_NAME = "$(TARGET_NAME)";
				PROVISIONING_PROFILE_SPECIFIER = "";
			};
			name = Debug;
		};
		54A749171EF1447C0076FE2B /* Release */ = {
			isa = XCBuildConfiguration;
			buildSettings = {
				ASSETCATALOG_COMPILER_APPICON_NAME = AppIcon;
				DEVELOPMENT_TEAM = "";
				INFOPLIST_FILE = Giftery/Info.plist;
				LD_RUNPATH_SEARCH_PATHS = "$(inherited) @executable_path/Frameworks";
				PRODUCT_BUNDLE_IDENTIFIER = com.mobeltech.Giftery;
				PRODUCT_NAME = "$(TARGET_NAME)";
				PROVISIONING_PROFILE_SPECIFIER = "";
			};
			name = Release;
		};
/* End XCBuildConfiguration section */

/* Begin XCConfigurationList section */
		54A748F91EF1447C0076FE2B /* Build configuration list for PBXProject "Giftery" */ = {
			isa = XCConfigurationList;
			buildConfigurations = (
				54A749131EF1447C0076FE2B /* Debug */,
				54A749141EF1447C0076FE2B /* Release */,
			);
			defaultConfigurationIsVisible = 0;
			defaultConfigurationName = Release;
		};
		54A749151EF1447C0076FE2B /* Build configuration list for PBXNativeTarget "Giftery" */ = {
			isa = XCConfigurationList;
			buildConfigurations = (
				54A749161EF1447C0076FE2B /* Debug */,
				54A749171EF1447C0076FE2B /* Release */,
			);
			defaultConfigurationIsVisible = 0;
		};
/* End XCConfigurationList section */
	};
	rootObject = 54A748F61EF1447C0076FE2B /* Project object */;
}
